
Microsoft Visual Studio Solution File, Format Version 12.00
# Visual Studio Version 17
VisualStudioVersion = 17.10.35013.160
MinimumVisualStudioVersion = 10.0.40219.1
Project("{FAE04EC0-301F-11D3-BF4B-00C04F79EFBC}") = "task eight", "task eight\task eight.csproj", "{83363EAE-63B9-4AA0-9FA4-22C25D5BAE3A}"
EndProject
Global
	GlobalSection(SolutionConfigurationPlatforms) = preSolution
		Debug|Any CPU = Debug|Any CPU
		Release|Any CPU = Release|Any CPU
	EndGlobalSection
	GlobalSection(ProjectConfigurationPlatforms) = postSolution
		{83363EAE-63B9-4AA0-9FA4-22C25D5BAE3A}.Debug|Any CPU.ActiveCfg = Debug|Any CPU
		{83363EAE-63B9-4AA0-9FA4-22C25D5BAE3A}.Debug|Any CPU.Build.0 = Debug|Any CPU
		{83363EAE-63B9-4AA0-9FA4-22C25D5BAE3A}.Release|Any CPU.ActiveCfg = Release|Any CPU
		{83363EAE-63B9-4AA0-9FA4-22C25D5BAE3A}.Release|Any CPU.Build.0 = Release|Any CPU
	EndGlobalSection
	GlobalSection(SolutionProperties) = preSolution
		HideSolutionNode = FALSE
	EndGlobalSection
	GlobalSection(ExtensibilityGlobals) = postSolution
		SolutionGuid = {BD377610-64AA-42DE-B96D-B47BFD6A247A}
	EndGlobalSection
EndGlobal
