
Microsoft Visual Studio Solution File, Format Version 12.00
# Visual Studio Version 17
VisualStudioVersion = 17.10.35013.160
MinimumVisualStudioVersion = 10.0.40219.1
Project("{FAE04EC0-301F-11D3-BF4B-00C04F79EFBC}") = "task seven", "task seven\task seven.csproj", "{54917CF2-1AD3-4FE7-9D09-9678D8B37D56}"
EndProject
Global
	GlobalSection(SolutionConfigurationPlatforms) = preSolution
		Debug|Any CPU = Debug|Any CPU
		Release|Any CPU = Release|Any CPU
	EndGlobalSection
	GlobalSection(ProjectConfigurationPlatforms) = postSolution
		{54917CF2-1AD3-4FE7-9D09-9678D8B37D56}.Debug|Any CPU.ActiveCfg = Debug|Any CPU
		{54917CF2-1AD3-4FE7-9D09-9678D8B37D56}.Debug|Any CPU.Build.0 = Debug|Any CPU
		{54917CF2-1AD3-4FE7-9D09-9678D8B37D56}.Release|Any CPU.ActiveCfg = Release|Any CPU
		{54917CF2-1AD3-4FE7-9D09-9678D8B37D56}.Release|Any CPU.Build.0 = Release|Any CPU
	EndGlobalSection
	GlobalSection(SolutionProperties) = preSolution
		HideSolutionNode = FALSE
	EndGlobalSection
	GlobalSection(ExtensibilityGlobals) = postSolution
		SolutionGuid = {BBBF22E7-E211-47A9-9E11-40F14C50CA4C}
	EndGlobalSection
EndGlobal
