
Microsoft Visual Studio Solution File, Format Version 12.00
# Visual Studio Version 17
VisualStudioVersion = 17.10.35013.160
MinimumVisualStudioVersion = 10.0.40219.1
Project("{FAE04EC0-301F-11D3-BF4B-00C04F79EFBC}") = "MVC-tasks-one", "MVC-tasks-one\MVC-tasks-one.csproj", "{9153A10A-CFD8-43C1-BF3E-30139DD88154}"
EndProject
Global
	GlobalSection(SolutionConfigurationPlatforms) = preSolution
		Debug|Any CPU = Debug|Any CPU
		Release|Any CPU = Release|Any CPU
	EndGlobalSection
	GlobalSection(ProjectConfigurationPlatforms) = postSolution
		{9153A10A-CFD8-43C1-BF3E-30139DD88154}.Debug|Any CPU.ActiveCfg = Debug|Any CPU
		{9153A10A-CFD8-43C1-BF3E-30139DD88154}.Debug|Any CPU.Build.0 = Debug|Any CPU
		{9153A10A-CFD8-43C1-BF3E-30139DD88154}.Release|Any CPU.ActiveCfg = Release|Any CPU
		{9153A10A-CFD8-43C1-BF3E-30139DD88154}.Release|Any CPU.Build.0 = Release|Any CPU
	EndGlobalSection
	GlobalSection(SolutionProperties) = preSolution
		HideSolutionNode = FALSE
	EndGlobalSection
	GlobalSection(ExtensibilityGlobals) = postSolution
		SolutionGuid = {768824C6-748B-4420-BB01-FCD7E35FB428}
	EndGlobalSection
EndGlobal
