
Microsoft Visual Studio Solution File, Format Version 12.00
# Visual Studio Version 17
VisualStudioVersion = 17.10.35013.160
MinimumVisualStudioVersion = 10.0.40219.1
Project("{FAE04EC0-301F-11D3-BF4B-00C04F79EFBC}") = "task five", "task five\task five.csproj", "{2486877C-E66D-4765-8681-6AFEFE38D528}"
EndProject
Global
	GlobalSection(SolutionConfigurationPlatforms) = preSolution
		Debug|Any CPU = Debug|Any CPU
		Release|Any CPU = Release|Any CPU
	EndGlobalSection
	GlobalSection(ProjectConfigurationPlatforms) = postSolution
		{2486877C-E66D-4765-8681-6AFEFE38D528}.Debug|Any CPU.ActiveCfg = Debug|Any CPU
		{2486877C-E66D-4765-8681-6AFEFE38D528}.Debug|Any CPU.Build.0 = Debug|Any CPU
		{2486877C-E66D-4765-8681-6AFEFE38D528}.Release|Any CPU.ActiveCfg = Release|Any CPU
		{2486877C-E66D-4765-8681-6AFEFE38D528}.Release|Any CPU.Build.0 = Release|Any CPU
	EndGlobalSection
	GlobalSection(SolutionProperties) = preSolution
		HideSolutionNode = FALSE
	EndGlobalSection
	GlobalSection(ExtensibilityGlobals) = postSolution
		SolutionGuid = {FAEC3FD4-D042-4762-A472-AD04C8C65F5E}
	EndGlobalSection
EndGlobal
